{
  "name": "singlish-js",
  "lockfileVersion": 3,
  "requires": true,
  "packages": {
    "": {
      "dependencies": {
        "singlish-to-sinhala": "^1.3.5"
      }
    },
    "node_modules/singlish-to-sinhala": {
      "version": "1.3.5",
      "resolved": "https://registry.npmjs.org/singlish-to-sinhala/-/singlish-to-sinhala-1.3.5.tgz",
      "integrity": "sha512-t9CJeJIENhWGL3aHSY1bn1UN6eXmeMs/m+d3AnnQCbLYQ7aWxL1hSWU0xk/Ut4ZlUgbDT5RmsoQ6sdY6SbNGkQ==",
      "license": "MIT",
      "dependencies": {
        "singlish-to-sinhala": "^1.0.0"
      }
    }
  }
}
